
Microsoft Visual Studio Solution File, Format Version 12.00
# Visual Studio Version 17
VisualStudioVersion = 17.11.35303.130
MinimumVisualStudioVersion = 10.0.40219.1
Project("{FAE04EC0-301F-11D3-BF4B-00C04F79EFBC}") = "MAUI", "Crud\MAUI.csproj", "{E854902E-E63F-4723-9922-B98A9973F39E}"
EndProject
Project("{FAE04EC0-301F-11D3-BF4B-00C04F79EFBC}") = "DAL", "DAL\DAL.csproj", "{C309577B-F76C-4FAF-9D0A-0CC2B5A681B7}"
EndProject
Project("{FAE04EC0-301F-11D3-BF4B-00C04F79EFBC}") = "ENT", "ENT\ENT.csproj", "{E7DB3E96-DA8E-4FB1-88D4-DEBC5A746632}"
EndProject
Project("{FAE04EC0-301F-11D3-BF4B-00C04F79EFBC}") = "BL", "BL\BL.csproj", "{93F5DBD2-DF69-4EB4-8FA5-D21CEEE1329C}"
EndProject
Project("{FAE04EC0-301F-11D3-BF4B-00C04F79EFBC}") = "ASP", "ASP\ASP.csproj", "{65CC5797-0895-4453-8753-6D5059FFBE7F}"
EndProject
Global
	GlobalSection(SolutionConfigurationPlatforms) = preSolution
		Debug|Any CPU = Debug|Any CPU
		Release|Any CPU = Release|Any CPU
	EndGlobalSection
	GlobalSection(ProjectConfigurationPlatforms) = postSolution
		{E854902E-E63F-4723-9922-B98A9973F39E}.Debug|Any CPU.ActiveCfg = Debug|Any CPU
		{E854902E-E63F-4723-9922-B98A9973F39E}.Debug|Any CPU.Build.0 = Debug|Any CPU
		{E854902E-E63F-4723-9922-B98A9973F39E}.Debug|Any CPU.Deploy.0 = Debug|Any CPU
		{E854902E-E63F-4723-9922-B98A9973F39E}.Release|Any CPU.ActiveCfg = Release|Any CPU
		{E854902E-E63F-4723-9922-B98A9973F39E}.Release|Any CPU.Build.0 = Release|Any CPU
		{E854902E-E63F-4723-9922-B98A9973F39E}.Release|Any CPU.Deploy.0 = Release|Any CPU
		{C309577B-F76C-4FAF-9D0A-0CC2B5A681B7}.Debug|Any CPU.ActiveCfg = Debug|Any CPU
		{C309577B-F76C-4FAF-9D0A-0CC2B5A681B7}.Debug|Any CPU.Build.0 = Debug|Any CPU
		{C309577B-F76C-4FAF-9D0A-0CC2B5A681B7}.Release|Any CPU.ActiveCfg = Release|Any CPU
		{C309577B-F76C-4FAF-9D0A-0CC2B5A681B7}.Release|Any CPU.Build.0 = Release|Any CPU
		{E7DB3E96-DA8E-4FB1-88D4-DEBC5A746632}.Debug|Any CPU.ActiveCfg = Debug|Any CPU
		{E7DB3E96-DA8E-4FB1-88D4-DEBC5A746632}.Debug|Any CPU.Build.0 = Debug|Any CPU
		{E7DB3E96-DA8E-4FB1-88D4-DEBC5A746632}.Release|Any CPU.ActiveCfg = Release|Any CPU
		{E7DB3E96-DA8E-4FB1-88D4-DEBC5A746632}.Release|Any CPU.Build.0 = Release|Any CPU
		{93F5DBD2-DF69-4EB4-8FA5-D21CEEE1329C}.Debug|Any CPU.ActiveCfg = Debug|Any CPU
		{93F5DBD2-DF69-4EB4-8FA5-D21CEEE1329C}.Debug|Any CPU.Build.0 = Debug|Any CPU
		{93F5DBD2-DF69-4EB4-8FA5-D21CEEE1329C}.Release|Any CPU.ActiveCfg = Release|Any CPU
		{93F5DBD2-DF69-4EB4-8FA5-D21CEEE1329C}.Release|Any CPU.Build.0 = Release|Any CPU
		{65CC5797-0895-4453-8753-6D5059FFBE7F}.Debug|Any CPU.ActiveCfg = Debug|Any CPU
		{65CC5797-0895-4453-8753-6D5059FFBE7F}.Debug|Any CPU.Build.0 = Debug|Any CPU
		{65CC5797-0895-4453-8753-6D5059FFBE7F}.Release|Any CPU.ActiveCfg = Release|Any CPU
		{65CC5797-0895-4453-8753-6D5059FFBE7F}.Release|Any CPU.Build.0 = Release|Any CPU
	EndGlobalSection
	GlobalSection(SolutionProperties) = preSolution
		HideSolutionNode = FALSE
	EndGlobalSection
	GlobalSection(ExtensibilityGlobals) = postSolution
		SolutionGuid = {11C45F81-2CDD-4F18-AE2F-A2E957C933E9}
	EndGlobalSection
EndGlobal
